
Microsoft Visual Studio Solution File, Format Version 12.00
# Visual Studio Version 17
VisualStudioVersion = 17.14.36202.13
MinimumVisualStudioVersion = 10.0.40219.1
Project("{FAE04EC0-301F-11D3-BF4B-00C04F79EFBC}") = "WpfApp1", "WpfApp1.csproj", "{AD4396BD-A524-4F3F-9597-DFAC13158110}"
EndProject
Global
	GlobalSection(SolutionConfigurationPlatforms) = preSolution
		Debug|Any CPU = Debug|Any CPU
		Release|Any CPU = Release|Any CPU
	EndGlobalSection
	GlobalSection(ProjectConfigurationPlatforms) = postSolution
		{AD4396BD-A524-4F3F-9597-DFAC13158110}.Debug|Any CPU.ActiveCfg = Debug|Any CPU
		{AD4396BD-A524-4F3F-9597-DFAC13158110}.Debug|Any CPU.Build.0 = Debug|Any CPU
		{AD4396BD-A524-4F3F-9597-DFAC13158110}.Release|Any CPU.ActiveCfg = Release|Any CPU
		{AD4396BD-A524-4F3F-9597-DFAC13158110}.Release|Any CPU.Build.0 = Release|Any CPU
	EndGlobalSection
	GlobalSection(SolutionProperties) = preSolution
		HideSolutionNode = FALSE
	EndGlobalSection
	GlobalSection(ExtensibilityGlobals) = postSolution
		SolutionGuid = {5624DE49-7B36-4CA0-BA4C-800F88A3C82E}
	EndGlobalSection
EndGlobal
